
Microsoft Visual Studio Solution File, Format Version 12.00
# Visual Studio Version 17
VisualStudioVersion = 17.9.34728.123
MinimumVisualStudioVersion = 10.0.40219.1
Project("{FAE04EC0-301F-11D3-BF4B-00C04F79EFBC}") = "P01_StudentSystem", "P01_StudentSystem\P01_StudentSystem.csproj", "{63B22531-1A87-4C03-9AE5-28493798A90A}"
EndProject
Project("{FAE04EC0-301F-11D3-BF4B-00C04F79EFBC}") = "P01_StudentSystem.Data", "P01_StudentSystem.Data\P01_StudentSystem.Data.csproj", "{2554FABA-B72D-4FC0-8B61-598105C3E6D8}"
EndProject
Project("{FAE04EC0-301F-11D3-BF4B-00C04F79EFBC}") = "P01_StudentSystem.Data.Models", "P01_StudentSystem.Data.Models\P01_StudentSystem.Data.Models.csproj", "{5A05ADDD-E87A-4498-9ABA-CAD02090315F}"
EndProject
Global
	GlobalSection(SolutionConfigurationPlatforms) = preSolution
		Debug|Any CPU = Debug|Any CPU
		Release|Any CPU = Release|Any CPU
	EndGlobalSection
	GlobalSection(ProjectConfigurationPlatforms) = postSolution
		{63B22531-1A87-4C03-9AE5-28493798A90A}.Debug|Any CPU.ActiveCfg = Debug|Any CPU
		{63B22531-1A87-4C03-9AE5-28493798A90A}.Debug|Any CPU.Build.0 = Debug|Any CPU
		{63B22531-1A87-4C03-9AE5-28493798A90A}.Release|Any CPU.ActiveCfg = Release|Any CPU
		{63B22531-1A87-4C03-9AE5-28493798A90A}.Release|Any CPU.Build.0 = Release|Any CPU
		{2554FABA-B72D-4FC0-8B61-598105C3E6D8}.Debug|Any CPU.ActiveCfg = Debug|Any CPU
		{2554FABA-B72D-4FC0-8B61-598105C3E6D8}.Debug|Any CPU.Build.0 = Debug|Any CPU
		{2554FABA-B72D-4FC0-8B61-598105C3E6D8}.Release|Any CPU.ActiveCfg = Release|Any CPU
		{2554FABA-B72D-4FC0-8B61-598105C3E6D8}.Release|Any CPU.Build.0 = Release|Any CPU
		{5A05ADDD-E87A-4498-9ABA-CAD02090315F}.Debug|Any CPU.ActiveCfg = Debug|Any CPU
		{5A05ADDD-E87A-4498-9ABA-CAD02090315F}.Debug|Any CPU.Build.0 = Debug|Any CPU
		{5A05ADDD-E87A-4498-9ABA-CAD02090315F}.Release|Any CPU.ActiveCfg = Release|Any CPU
		{5A05ADDD-E87A-4498-9ABA-CAD02090315F}.Release|Any CPU.Build.0 = Release|Any CPU
	EndGlobalSection
	GlobalSection(SolutionProperties) = preSolution
		HideSolutionNode = FALSE
	EndGlobalSection
	GlobalSection(ExtensibilityGlobals) = postSolution
		SolutionGuid = {223AEB08-AC8C-4E3B-98BC-C1E551CDB990}
	EndGlobalSection
EndGlobal
